// !$*UTF8*$!
{
	archiveVersion = 1;
	classes = {
	};
	objectVersion = 50;
	objects = {

/* Begin PBXBuildFile section */
		8D1EBA9423E3D78D00C1D287 /* AppDelegate.swift in Sources */ = {isa = PBXBuildFile; fileRef = 8D1EBA9323E3D78D00C1D287 /* AppDelegate.swift */; };
		8D1EBA9623E3D78D00C1D287 /* SceneDelegate.swift in Sources */ = {isa = PBXBuildFile; fileRef = 8D1EBA9523E3D78D00C1D287 /* SceneDelegate.swift */; };
		8D1EBA9823E3D78D00C1D287 /* ViewController.swift in Sources */ = {isa = PBXBuildFile; fileRef = 8D1EBA9723E3D78D00C1D287 /* ViewController.swift */; };
		8D1EBA9B23E3D78D00C1D287 /* Main.storyboard in Resources */ = {isa = PBXBuildFile; fileRef = 8D1EBA9923E3D78D00C1D287 /* Main.storyboard */; };
		8D1EBA9D23E3D78D00C1D287 /* Assets.xcassets in Resources */ = {isa = PBXBuildFile; fileRef = 8D1EBA9C23E3D78D00C1D287 /* Assets.xcassets */; };
		8D1EBAA023E3D78D00C1D287 /* LaunchScreen.storyboard in Resources */ = {isa = PBXBuildFile; fileRef = 8D1EBA9E23E3D78D00C1D287 /* LaunchScreen.storyboard */; };
		8D1EBAAB23E3D78D00C1D287 /* tinkering_table_viewTests.swift in Sources */ = {isa = PBXBuildFile; fileRef = 8D1EBAAA23E3D78D00C1D287 /* tinkering_table_viewTests.swift */; };
		8D1EBAB623E3D78D00C1D287 /* tinkering_table_viewUITests.swift in Sources */ = {isa = PBXBuildFile; fileRef = 8D1EBAB523E3D78D00C1D287 /* tinkering_table_viewUITests.swift */; };
		8D6AAFF123E3E60A0047D398 /* CustomTableViewCell.xib in Resources */ = {isa = PBXBuildFile; fileRef = 8D6AAFF023E3E60A0047D398 /* CustomTableViewCell.xib */; };
		8D7FDA1A23E3FB6C004296C8 /* CustomTableViewCell.swift in Sources */ = {isa = PBXBuildFile; fileRef = 8D7FDA1923E3FB6C004296C8 /* CustomTableViewCell.swift */; };
		8D7FDA1C23E3FE96004296C8 /* CustomDataSource.swift in Sources */ = {isa = PBXBuildFile; fileRef = 8D7FDA1B23E3FE96004296C8 /* CustomDataSource.swift */; };
		8D7FDA2023E407B5004296C8 /* Fruit.swift in Sources */ = {isa = PBXBuildFile; fileRef = 8D7FDA1F23E407B5004296C8 /* Fruit.swift */; };
		8D9DC87923E40F8E002BACA9 /* DetailViewController.swift in Sources */ = {isa = PBXBuildFile; fileRef = 8D9DC87823E40F8E002BACA9 /* DetailViewController.swift */; };
/* End PBXBuildFile section */

/* Begin PBXContainerItemProxy section */
		8D1EBAA723E3D78D00C1D287 /* PBXContainerItemProxy */ = {
			isa = PBXContainerItemProxy;
			containerPortal = 8D1EBA8823E3D78D00C1D287 /* Project object */;
			proxyType = 1;
			remoteGlobalIDString = 8D1EBA8F23E3D78D00C1D287;
			remoteInfo = "tinkering-table-view";
		};
		8D1EBAB223E3D78D00C1D287 /* PBXContainerItemProxy */ = {
			isa = PBXContainerItemProxy;
			containerPortal = 8D1EBA8823E3D78D00C1D287 /* Project object */;
			proxyType = 1;
			remoteGlobalIDString = 8D1EBA8F23E3D78D00C1D287;
			remoteInfo = "tinkering-table-view";
		};
/* End PBXContainerItemProxy section */

/* Begin PBXFileReference section */
		8D1EBA9023E3D78D00C1D287 /* tinkering-table-view.app */ = {isa = PBXFileReference; explicitFileType = wrapper.application; includeInIndex = 0; path = "tinkering-table-view.app"; sourceTree = BUILT_PRODUCTS_DIR; };
		8D1EBA9323E3D78D00C1D287 /* AppDelegate.swift */ = {isa = PBXFileReference; lastKnownFileType = sourcecode.swift; path = AppDelegate.swift; sourceTree = "<group>"; };
		8D1EBA9523E3D78D00C1D287 /* SceneDelegate.swift */ = {isa = PBXFileReference; lastKnownFileType = sourcecode.swift; path = SceneDelegate.swift; sourceTree = "<group>"; };
		8D1EBA9723E3D78D00C1D287 /* ViewController.swift */ = {isa = PBXFileReference; lastKnownFileType = sourcecode.swift; path = ViewController.swift; sourceTree = "<group>"; };
		8D1EBA9A23E3D78D00C1D287 /* Base */ = {isa = PBXFileReference; lastKnownFileType = file.storyboard; name = Base; path = Base.lproj/Main.storyboard; sourceTree = "<group>"; };
		8D1EBA9C23E3D78D00C1D287 /* Assets.xcassets */ = {isa = PBXFileReference; lastKnownFileType = folder.assetcatalog; path = Assets.xcassets; sourceTree = "<group>"; };
		8D1EBA9F23E3D78D00C1D287 /* Base */ = {isa = PBXFileReference; lastKnownFileType = file.storyboard; name = Base; path = Base.lproj/LaunchScreen.storyboard; sourceTree = "<group>"; };
		8D1EBAA123E3D78D00C1D287 /* Info.plist */ = {isa = PBXFileReference; lastKnownFileType = text.plist.xml; path = Info.plist; sourceTree = "<group>"; };
		8D1EBAA623E3D78D00C1D287 /* tinkering-table-viewTests.xctest */ = {isa = PBXFileReference; explicitFileType = wrapper.cfbundle; includeInIndex = 0; path = "tinkering-table-viewTests.xctest"; sourceTree = BUILT_PRODUCTS_DIR; };
		8D1EBAAA23E3D78D00C1D287 /* tinkering_table_viewTests.swift */ = {isa = PBXFileReference; lastKnownFileType = sourcecode.swift; path = tinkering_table_viewTests.swift; sourceTree = "<group>"; };
		8D1EBAAC23E3D78D00C1D287 /* Info.plist */ = {isa = PBXFileReference; lastKnownFileType = text.plist.xml; path = Info.plist; sourceTree = "<group>"; };
		8D1EBAB123E3D78D00C1D287 /* tinkering-table-viewUITests.xctest */ = {isa = PBXFileReference; explicitFileType = wrapper.cfbundle; includeInIndex = 0; path = "tinkering-table-viewUITests.xctest"; sourceTree = BUILT_PRODUCTS_DIR; };
		8D1EBAB523E3D78D00C1D287 /* tinkering_table_viewUITests.swift */ = {isa = PBXFileReference; lastKnownFileType = sourcecode.swift; path = tinkering_table_viewUITests.swift; sourceTree = "<group>"; };
		8D1EBAB723E3D78D00C1D287 /* Info.plist */ = {isa = PBXFileReference; lastKnownFileType = text.plist.xml; path = Info.plist; sourceTree = "<group>"; };
		8D6AAFF023E3E60A0047D398 /* CustomTableViewCell.xib */ = {isa = PBXFileReference; lastKnownFileType = file.xib; path = CustomTableViewCell.xib; sourceTree = "<group>"; };
		8D7FDA1923E3FB6C004296C8 /* CustomTableViewCell.swift */ = {isa = PBXFileReference; lastKnownFileType = sourcecode.swift; path = CustomTableViewCell.swift; sourceTree = "<group>"; };
		8D7FDA1B23E3FE96004296C8 /* CustomDataSource.swift */ = {isa = PBXFileReference; lastKnownFileType = sourcecode.swift; path = CustomDataSource.swift; sourceTree = "<group>"; };
		8D7FDA1F23E407B5004296C8 /* Fruit.swift */ = {isa = PBXFileReference; lastKnownFileType = sourcecode.swift; path = Fruit.swift; sourceTree = "<group>"; };
		8D9DC87823E40F8E002BACA9 /* DetailViewController.swift */ = {isa = PBXFileReference; lastKnownFileType = sourcecode.swift; path = DetailViewController.swift; sourceTree = "<group>"; };
/* End PBXFileReference section */

/* Begin PBXFrameworksBuildPhase section */
		8D1EBA8D23E3D78D00C1D287 /* Frameworks */ = {
			isa = PBXFrameworksBuildPhase;
			buildActionMask = 2147483647;
			files = (
			);
			runOnlyForDeploymentPostprocessing = 0;
		};
		8D1EBAA323E3D78D00C1D287 /* Frameworks */ = {
			isa = PBXFrameworksBuildPhase;
			buildActionMask = 2147483647;
			files = (
			);
			runOnlyForDeploymentPostprocessing = 0;
		};
		8D1EBAAE23E3D78D00C1D287 /* Frameworks */ = {
			isa = PBXFrameworksBuildPhase;
			buildActionMask = 2147483647;
			files = (
			);
			runOnlyForDeploymentPostprocessing = 0;
		};
/* End PBXFrameworksBuildPhase section */

/* Begin PBXGroup section */
		8D1EBA8723E3D78D00C1D287 = {
			isa = PBXGroup;
			children = (
				8D1EBA9223E3D78D00C1D287 /* tinkering-table-view */,
				8D1EBAA923E3D78D00C1D287 /* tinkering-table-viewTests */,
				8D1EBAB423E3D78D00C1D287 /* tinkering-table-viewUITests */,
				8D1EBA9123E3D78D00C1D287 /* Products */,
			);
			sourceTree = "<group>";
		};
		8D1EBA9123E3D78D00C1D287 /* Products */ = {
			isa = PBXGroup;
			children = (
				8D1EBA9023E3D78D00C1D287 /* tinkering-table-view.app */,
				8D1EBAA623E3D78D00C1D287 /* tinkering-table-viewTests.xctest */,
				8D1EBAB123E3D78D00C1D287 /* tinkering-table-viewUITests.xctest */,
			);
			name = Products;
			sourceTree = "<group>";
		};
		8D1EBA9223E3D78D00C1D287 /* tinkering-table-view */ = {
			isa = PBXGroup;
			children = (
				8D7FDA1E23E407A2004296C8 /* Data */,
				8D7FDA1D23E4076C004296C8 /* TableView */,
				8D6AAFF223E3E6890047D398 /* Controller */,
				8D1EBA9323E3D78D00C1D287 /* AppDelegate.swift */,
				8D1EBA9523E3D78D00C1D287 /* SceneDelegate.swift */,
				8D1EBA9923E3D78D00C1D287 /* Main.storyboard */,
				8D1EBA9C23E3D78D00C1D287 /* Assets.xcassets */,
				8D1EBA9E23E3D78D00C1D287 /* LaunchScreen.storyboard */,
				8D1EBAA123E3D78D00C1D287 /* Info.plist */,
			);
			path = "tinkering-table-view";
			sourceTree = "<group>";
		};
		8D1EBAA923E3D78D00C1D287 /* tinkering-table-viewTests */ = {
			isa = PBXGroup;
			children = (
				8D1EBAAA23E3D78D00C1D287 /* tinkering_table_viewTests.swift */,
				8D1EBAAC23E3D78D00C1D287 /* Info.plist */,
			);
			path = "tinkering-table-viewTests";
			sourceTree = "<group>";
		};
		8D1EBAB423E3D78D00C1D287 /* tinkering-table-viewUITests */ = {
			isa = PBXGroup;
			children = (
				8D1EBAB523E3D78D00C1D287 /* tinkering_table_viewUITests.swift */,
				8D1EBAB723E3D78D00C1D287 /* Info.plist */,
			);
			path = "tinkering-table-viewUITests";
			sourceTree = "<group>";
		};
		8D6AAFF223E3E6890047D398 /* Controller */ = {
			isa = PBXGroup;
			children = (
				8D1EBA9723E3D78D00C1D287 /* ViewController.swift */,
				8D9DC87823E40F8E002BACA9 /* DetailViewController.swift */,
			);
			path = Controller;
			sourceTree = "<group>";
		};
		8D7FDA1D23E4076C004296C8 /* TableView */ = {
			isa = PBXGroup;
			children = (
				8D6AAFF023E3E60A0047D398 /* CustomTableViewCell.xib */,
				8D7FDA1B23E3FE96004296C8 /* CustomDataSource.swift */,
				8D7FDA1923E3FB6C004296C8 /* CustomTableViewCell.swift */,
			);
			path = TableView;
			sourceTree = "<group>";
		};
		8D7FDA1E23E407A2004296C8 /* Data */ = {
			isa = PBXGroup;
			children = (
				8D7FDA1F23E407B5004296C8 /* Fruit.swift */,
			);
			path = Data;
			sourceTree = "<group>";
		};
/* End PBXGroup section */

/* Begin PBXNativeTarget section */
		8D1EBA8F23E3D78D00C1D287 /* tinkering-table-view */ = {
			isa = PBXNativeTarget;
			buildConfigurationList = 8D1EBABA23E3D78D00C1D287 /* Build configuration list for PBXNativeTarget "tinkering-table-view" */;
			buildPhases = (
				8D1EBA8C23E3D78D00C1D287 /* Sources */,
				8D1EBA8D23E3D78D00C1D287 /* Frameworks */,
				8D1EBA8E23E3D78D00C1D287 /* Resources */,
			);
			buildRules = (
			);
			dependencies = (
			);
			name = "tinkering-table-view";
			productName = "tinkering-table-view";
			productReference = 8D1EBA9023E3D78D00C1D287 /* tinkering-table-view.app */;
			productType = "com.apple.product-type.application";
		};
		8D1EBAA523E3D78D00C1D287 /* tinkering-table-viewTests */ = {
			isa = PBXNativeTarget;
			buildConfigurationList = 8D1EBABD23E3D78D00C1D287 /* Build configuration list for PBXNativeTarget "tinkering-table-viewTests" */;
			buildPhases = (
				8D1EBAA223E3D78D00C1D287 /* Sources */,
				8D1EBAA323E3D78D00C1D287 /* Frameworks */,
				8D1EBAA423E3D78D00C1D287 /* Resources */,
			);
			buildRules = (
			);
			dependencies = (
				8D1EBAA823E3D78D00C1D287 /* PBXTargetDependency */,
			);
			name = "tinkering-table-viewTests";
			productName = "tinkering-table-viewTests";
			productReference = 8D1EBAA623E3D78D00C1D287 /* tinkering-table-viewTests.xctest */;
			productType = "com.apple.product-type.bundle.unit-test";
		};
		8D1EBAB023E3D78D00C1D287 /* tinkering-table-viewUITests */ = {
			isa = PBXNativeTarget;
			buildConfigurationList = 8D1EBAC023E3D78D00C1D287 /* Build configuration list for PBXNativeTarget "tinkering-table-viewUITests" */;
			buildPhases = (
				8D1EBAAD23E3D78D00C1D287 /* Sources */,
				8D1EBAAE23E3D78D00C1D287 /* Frameworks */,
				8D1EBAAF23E3D78D00C1D287 /* Resources */,
			);
			buildRules = (
			);
			dependencies = (
				8D1EBAB323E3D78D00C1D287 /* PBXTargetDependency */,
			);
			name = "tinkering-table-viewUITests";
			productName = "tinkering-table-viewUITests";
			productReference = 8D1EBAB123E3D78D00C1D287 /* tinkering-table-viewUITests.xctest */;
			productType = "com.apple.product-type.bundle.ui-testing";
		};
/* End PBXNativeTarget section */

/* Begin PBXProject section */
		8D1EBA8823E3D78D00C1D287 /* Project object */ = {
			isa = PBXProject;
			attributes = {
				LastSwiftUpdateCheck = 1130;
				LastUpgradeCheck = 1130;
				ORGANIZATIONNAME = Tunaiku;
				TargetAttributes = {
					8D1EBA8F23E3D78D00C1D287 = {
						CreatedOnToolsVersion = 11.3.1;
					};
					8D1EBAA523E3D78D00C1D287 = {
						CreatedOnToolsVersion = 11.3.1;
						TestTargetID = 8D1EBA8F23E3D78D00C1D287;
					};
					8D1EBAB023E3D78D00C1D287 = {
						CreatedOnToolsVersion = 11.3.1;
						TestTargetID = 8D1EBA8F23E3D78D00C1D287;
					};
				};
			};
			buildConfigurationList = 8D1EBA8B23E3D78D00C1D287 /* Build configuration list for PBXProject "tinkering-table-view" */;
			compatibilityVersion = "Xcode 9.3";
			developmentRegion = en;
			hasScannedForEncodings = 0;
			knownRegions = (
				en,
				Base,
			);
			mainGroup = 8D1EBA8723E3D78D00C1D287;
			productRefGroup = 8D1EBA9123E3D78D00C1D287 /* Products */;
			projectDirPath = "";
			projectRoot = "";
			targets = (
				8D1EBA8F23E3D78D00C1D287 /* tinkering-table-view */,
				8D1EBAA523E3D78D00C1D287 /* tinkering-table-viewTests */,
				8D1EBAB023E3D78D00C1D287 /* tinkering-table-viewUITests */,
			);
		};
/* End PBXProject section */

/* Begin PBXResourcesBuildPhase section */
		8D1EBA8E23E3D78D00C1D287 /* Resources */ = {
			isa = PBXResourcesBuildPhase;
			buildActionMask = 2147483647;
			files = (
				8D1EBAA023E3D78D00C1D287 /* LaunchScreen.storyboard in Resources */,
				8D1EBA9D23E3D78D00C1D287 /* Assets.xcassets in Resources */,
				8D6AAFF123E3E60A0047D398 /* CustomTableViewCell.xib in Resources */,
				8D1EBA9B23E3D78D00C1D287 /* Main.storyboard in Resources */,
			);
			runOnlyForDeploymentPostprocessing = 0;
		};
		8D1EBAA423E3D78D00C1D287 /* Resources */ = {
			isa = PBXResourcesBuildPhase;
			buildActionMask = 2147483647;
			files = (
			);
			runOnlyForDeploymentPostprocessing = 0;
		};
		8D1EBAAF23E3D78D00C1D287 /* Resources */ = {
			isa = PBXResourcesBuildPhase;
			buildActionMask = 2147483647;
			files = (
			);
			runOnlyForDeploymentPostprocessing = 0;
		};
/* End PBXResourcesBuildPhase section */

/* Begin PBXSourcesBuildPhase section */
		8D1EBA8C23E3D78D00C1D287 /* Sources */ = {
			isa = PBXSourcesBuildPhase;
			buildActionMask = 2147483647;
			files = (
				8D7FDA2023E407B5004296C8 /* Fruit.swift in Sources */,
				8D1EBA9823E3D78D00C1D287 /* ViewController.swift in Sources */,
				8D1EBA9423E3D78D00C1D287 /* AppDelegate.swift in Sources */,
				8D7FDA1A23E3FB6C004296C8 /* CustomTableViewCell.swift in Sources */,
				8D1EBA9623E3D78D00C1D287 /* SceneDelegate.swift in Sources */,
				8D7FDA1C23E3FE96004296C8 /* CustomDataSource.swift in Sources */,
				8D9DC87923E40F8E002BACA9 /* DetailViewController.swift in Sources */,
			);
			runOnlyForDeploymentPostprocessing = 0;
		};
		8D1EBAA223E3D78D00C1D287 /* Sources */ = {
			isa = PBXSourcesBuildPhase;
			buildActionMask = 2147483647;
			files = (
				8D1EBAAB23E3D78D00C1D287 /* tinkering_table_viewTests.swift in Sources */,
			);
			runOnlyForDeploymentPostprocessing = 0;
		};
		8D1EBAAD23E3D78D00C1D287 /* Sources */ = {
			isa = PBXSourcesBuildPhase;
			buildActionMask = 2147483647;
			files = (
				8D1EBAB623E3D78D00C1D287 /* tinkering_table_viewUITests.swift in Sources */,
			);
			runOnlyForDeploymentPostprocessing = 0;
		};
/* End PBXSourcesBuildPhase section */

/* Begin PBXTargetDependency section */
		8D1EBAA823E3D78D00C1D287 /* PBXTargetDependency */ = {
			isa = PBXTargetDependency;
			target = 8D1EBA8F23E3D78D00C1D287 /* tinkering-table-view */;
			targetProxy = 8D1EBAA723E3D78D00C1D287 /* PBXContainerItemProxy */;
		};
		8D1EBAB323E3D78D00C1D287 /* PBXTargetDependency */ = {
			isa = PBXTargetDependency;
			target = 8D1EBA8F23E3D78D00C1D287 /* tinkering-table-view */;
			targetProxy = 8D1EBAB223E3D78D00C1D287 /* PBXContainerItemProxy */;
		};
/* End PBXTargetDependency section */

/* Begin PBXVariantGroup section */
		8D1EBA9923E3D78D00C1D287 /* Main.storyboard */ = {
			isa = PBXVariantGroup;
			children = (
				8D1EBA9A23E3D78D00C1D287 /* Base */,
			);
			name = Main.storyboard;
			sourceTree = "<group>";
		};
		8D1EBA9E23E3D78D00C1D287 /* LaunchScreen.storyboard */ = {
			isa = PBXVariantGroup;
			children = (
				8D1EBA9F23E3D78D00C1D287 /* Base */,
			);
			name = LaunchScreen.storyboard;
			sourceTree = "<group>";
		};
/* End PBXVariantGroup section */

/* Begin XCBuildConfiguration section */
		8D1EBAB823E3D78D00C1D287 /* Debug */ = {
			isa = XCBuildConfiguration;
			buildSettings = {
				ALWAYS_SEARCH_USER_PATHS = NO;
				CLANG_ANALYZER_NONNULL = YES;
				CLANG_ANALYZER_NUMBER_OBJECT_CONVERSION = YES_AGGRESSIVE;
				CLANG_CXX_LANGUAGE_STANDARD = "gnu++14";
				CLANG_CXX_LIBRARY = "libc++";
				CLANG_ENABLE_MODULES = YES;
				CLANG_ENABLE_OBJC_ARC = YES;
				CLANG_ENABLE_OBJC_WEAK = YES;
				CLANG_WARN_BLOCK_CAPTURE_AUTORELEASING = YES;
				CLANG_WARN_BOOL_CONVERSION = YES;
				CLANG_WARN_COMMA = YES;
				CLANG_WARN_CONSTANT_CONVERSION = YES;
				CLANG_WARN_DEPRECATED_OBJC_IMPLEMENTATIONS = YES;
				CLANG_WARN_DIRECT_OBJC_ISA_USAGE = YES_ERROR;
				CLANG_WARN_DOCUMENTATION_COMMENTS = YES;
				CLANG_WARN_EMPTY_BODY = YES;
				CLANG_WARN_ENUM_CONVERSION = YES;
				CLANG_WARN_INFINITE_RECURSION = YES;
				CLANG_WARN_INT_CONVERSION = YES;
				CLANG_WARN_NON_LITERAL_NULL_CONVERSION = YES;
				CLANG_WARN_OBJC_IMPLICIT_RETAIN_SELF = YES;
				CLANG_WARN_OBJC_LITERAL_CONVERSION = YES;
				CLANG_WARN_OBJC_ROOT_CLASS = YES_ERROR;
				CLANG_WARN_RANGE_LOOP_ANALYSIS = YES;
				CLANG_WARN_STRICT_PROTOTYPES = YES;
				CLANG_WARN_SUSPICIOUS_MOVE = YES;
				CLANG_WARN_UNGUARDED_AVAILABILITY = YES_AGGRESSIVE;
				CLANG_WARN_UNREACHABLE_CODE = YES;
				CLANG_WARN__DUPLICATE_METHOD_MATCH = YES;
				COPY_PHASE_STRIP = NO;
				DEBUG_INFORMATION_FORMAT = dwarf;
				ENABLE_STRICT_OBJC_MSGSEND = YES;
				ENABLE_TESTABILITY = YES;
				GCC_C_LANGUAGE_STANDARD = gnu11;
				GCC_DYNAMIC_NO_PIC = NO;
				GCC_NO_COMMON_BLOCKS = YES;
				GCC_OPTIMIZATION_LEVEL = 0;
				GCC_PREPROCESSOR_DEFINITIONS = (
					"DEBUG=1",
					"$(inherited)",
				);
				GCC_WARN_64_TO_32_BIT_CONVERSION = YES;
				GCC_WARN_ABOUT_RETURN_TYPE = YES_ERROR;
				GCC_WARN_UNDECLARED_SELECTOR = YES;
				GCC_WARN_UNINITIALIZED_AUTOS = YES_AGGRESSIVE;
				GCC_WARN_UNUSED_FUNCTION = YES;
				GCC_WARN_UNUSED_VARIABLE = YES;
				IPHONEOS_DEPLOYMENT_TARGET = 13.2;
				MTL_ENABLE_DEBUG_INFO = INCLUDE_SOURCE;
				MTL_FAST_MATH = YES;
				ONLY_ACTIVE_ARCH = YES;
				SDKROOT = iphoneos;
				SWIFT_ACTIVE_COMPILATION_CONDITIONS = DEBUG;
				SWIFT_OPTIMIZATION_LEVEL = "-Onone";
			};
			name = Debug;
		};
		8D1EBAB923E3D78D00C1D287 /* Release */ = {
			isa = XCBuildConfiguration;
			buildSettings = {
				ALWAYS_SEARCH_USER_PATHS = NO;
				CLANG_ANALYZER_NONNULL = YES;
				CLANG_ANALYZER_NUMBER_OBJECT_CONVERSION = YES_AGGRESSIVE;
				CLANG_CXX_LANGUAGE_STANDARD = "gnu++14";
				CLANG_CXX_LIBRARY = "libc++";
				CLANG_ENABLE_MODULES = YES;
				CLANG_ENABLE_OBJC_ARC = YES;
				CLANG_ENABLE_OBJC_WEAK = YES;
				CLANG_WARN_BLOCK_CAPTURE_AUTORELEASING = YES;
				CLANG_WARN_BOOL_CONVERSION = YES;
				CLANG_WARN_COMMA = YES;
				CLANG_WARN_CONSTANT_CONVERSION = YES;
				CLANG_WARN_DEPRECATED_OBJC_IMPLEMENTATIONS = YES;
				CLANG_WARN_DIRECT_OBJC_ISA_USAGE = YES_ERROR;
				CLANG_WARN_DOCUMENTATION_COMMENTS = YES;
				CLANG_WARN_EMPTY_BODY = YES;
				CLANG_WARN_ENUM_CONVERSION = YES;
				CLANG_WARN_INFINITE_RECURSION = YES;
				CLANG_WARN_INT_CONVERSION = YES;
				CLANG_WARN_NON_LITERAL_NULL_CONVERSION = YES;
				CLANG_WARN_OBJC_IMPLICIT_RETAIN_SELF = YES;
				CLANG_WARN_OBJC_LITERAL_CONVERSION = YES;
				CLANG_WARN_OBJC_ROOT_CLASS = YES_ERROR;
				CLANG_WARN_RANGE_LOOP_ANALYSIS = YES;
				CLANG_WARN_STRICT_PROTOTYPES = YES;
				CLANG_WARN_SUSPICIOUS_MOVE = YES;
				CLANG_WARN_UNGUARDED_AVAILABILITY = YES_AGGRESSIVE;
				CLANG_WARN_UNREACHABLE_CODE = YES;
				CLANG_WARN__DUPLICATE_METHOD_MATCH = YES;
				COPY_PHASE_STRIP = NO;
				DEBUG_INFORMATION_FORMAT = "dwarf-with-dsym";
				ENABLE_NS_ASSERTIONS = NO;
				ENABLE_STRICT_OBJC_MSGSEND = YES;
				GCC_C_LANGUAGE_STANDARD = gnu11;
				GCC_NO_COMMON_BLOCKS = YES;
				GCC_WARN_64_TO_32_BIT_CONVERSION = YES;
				GCC_WARN_ABOUT_RETURN_TYPE = YES_ERROR;
				GCC_WARN_UNDECLARED_SELECTOR = YES;
				GCC_WARN_UNINITIALIZED_AUTOS = YES_AGGRESSIVE;
				GCC_WARN_UNUSED_FUNCTION = YES;
				GCC_WARN_UNUSED_VARIABLE = YES;
				IPHONEOS_DEPLOYMENT_TARGET = 13.2;
				MTL_ENABLE_DEBUG_INFO = NO;
				MTL_FAST_MATH = YES;
				SDKROOT = iphoneos;
				SWIFT_COMPILATION_MODE = wholemodule;
				SWIFT_OPTIMIZATION_LEVEL = "-O";
				VALIDATE_PRODUCT = YES;
			};
			name = Release;
		};
		8D1EBABB23E3D78D00C1D287 /* Debug */ = {
			isa = XCBuildConfiguration;
			buildSettings = {
				ASSETCATALOG_COMPILER_APPICON_NAME = AppIcon;
				CODE_SIGN_STYLE = Automatic;
				DEVELOPMENT_TEAM = 5B2L4KSFG2;
				INFOPLIST_FILE = "tinkering-table-view/Info.plist";
				IPHONEOS_DEPLOYMENT_TARGET = 13.2;
				LD_RUNPATH_SEARCH_PATHS = (
					"$(inherited)",
					"@executable_path/Frameworks",
				);
				PRODUCT_BUNDLE_IDENTIFIER = "com.tunaiku.tinkering-table-view";
				PRODUCT_NAME = "$(TARGET_NAME)";
				SWIFT_VERSION = 5.0;
				TARGETED_DEVICE_FAMILY = "1,2";
			};
			name = Debug;
		};
		8D1EBABC23E3D78D00C1D287 /* Release */ = {
			isa = XCBuildConfiguration;
			buildSettings = {
				ASSETCATALOG_COMPILER_APPICON_NAME = AppIcon;
				CODE_SIGN_STYLE = Automatic;
				DEVELOPMENT_TEAM = 5B2L4KSFG2;
				INFOPLIST_FILE = "tinkering-table-view/Info.plist";
				IPHONEOS_DEPLOYMENT_TARGET = 13.2;
				LD_RUNPATH_SEARCH_PATHS = (
					"$(inherited)",
					"@executable_path/Frameworks",
				);
				PRODUCT_BUNDLE_IDENTIFIER = "com.tunaiku.tinkering-table-view";
				PRODUCT_NAME = "$(TARGET_NAME)";
				SWIFT_VERSION = 5.0;
				TARGETED_DEVICE_FAMILY = "1,2";
			};
			name = Release;
		};
		8D1EBABE23E3D78D00C1D287 /* Debug */ = {
			isa = XCBuildConfiguration;
			buildSettings = {
				ALWAYS_EMBED_SWIFT_STANDARD_LIBRARIES = YES;
				BUNDLE_LOADER = "$(TEST_HOST)";
				CODE_SIGN_STYLE = Automatic;
				DEVELOPMENT_TEAM = 5B2L4KSFG2;
				INFOPLIST_FILE = "tinkering-table-viewTests/Info.plist";
				IPHONEOS_DEPLOYMENT_TARGET = 13.2;
				LD_RUNPATH_SEARCH_PATHS = (
					"$(inherited)",
					"@executable_path/Frameworks",
					"@loader_path/Frameworks",
				);
				PRODUCT_BUNDLE_IDENTIFIER = "com.tunaiku.tinkering-table-viewTests";
				PRODUCT_NAME = "$(TARGET_NAME)";
				SWIFT_VERSION = 5.0;
				TARGETED_DEVICE_FAMILY = "1,2";
				TEST_HOST = "$(BUILT_PRODUCTS_DIR)/tinkering-table-view.app/tinkering-table-view";
			};
			name = Debug;
		};
		8D1EBABF23E3D78D00C1D287 /* Release */ = {
			isa = XCBuildConfiguration;
			buildSettings = {
				ALWAYS_EMBED_SWIFT_STANDARD_LIBRARIES = YES;
				BUNDLE_LOADER = "$(TEST_HOST)";
				CODE_SIGN_STYLE = Automatic;
				DEVELOPMENT_TEAM = 5B2L4KSFG2;
				INFOPLIST_FILE = "tinkering-table-viewTests/Info.plist";
				IPHONEOS_DEPLOYMENT_TARGET = 13.2;
				LD_RUNPATH_SEARCH_PATHS = (
					"$(inherited)",
					"@executable_path/Frameworks",
					"@loader_path/Frameworks",
				);
				PRODUCT_BUNDLE_IDENTIFIER = "com.tunaiku.tinkering-table-viewTests";
				PRODUCT_NAME = "$(TARGET_NAME)";
				SWIFT_VERSION = 5.0;
				TARGETED_DEVICE_FAMILY = "1,2";
				TEST_HOST = "$(BUILT_PRODUCTS_DIR)/tinkering-table-view.app/tinkering-table-view";
			};
			name = Release;
		};
		8D1EBAC123E3D78D00C1D287 /* Debug */ = {
			isa = XCBuildConfiguration;
			buildSettings = {
				ALWAYS_EMBED_SWIFT_STANDARD_LIBRARIES = YES;
				CODE_SIGN_STYLE = Automatic;
				DEVELOPMENT_TEAM = 5B2L4KSFG2;
				INFOPLIST_FILE = "tinkering-table-viewUITests/Info.plist";
				LD_RUNPATH_SEARCH_PATHS = (
					"$(inherited)",
					"@executable_path/Frameworks",
					"@loader_path/Frameworks",
				);
				PRODUCT_BUNDLE_IDENTIFIER = "com.tunaiku.tinkering-table-viewUITests";
				PRODUCT_NAME = "$(TARGET_NAME)";
				SWIFT_VERSION = 5.0;
				TARGETED_DEVICE_FAMILY = "1,2";
				TEST_TARGET_NAME = "tinkering-table-view";
			};
			name = Debug;
		};
		8D1EBAC223E3D78D00C1D287 /* Release */ = {
			isa = XCBuildConfiguration;
			buildSettings = {
				ALWAYS_EMBED_SWIFT_STANDARD_LIBRARIES = YES;
				CODE_SIGN_STYLE = Automatic;
				DEVELOPMENT_TEAM = 5B2L4KSFG2;
				INFOPLIST_FILE = "tinkering-table-viewUITests/Info.plist";
				LD_RUNPATH_SEARCH_PATHS = (
					"$(inherited)",
					"@executable_path/Frameworks",
					"@loader_path/Frameworks",
				);
				PRODUCT_BUNDLE_IDENTIFIER = "com.tunaiku.tinkering-table-viewUITests";
				PRODUCT_NAME = "$(TARGET_NAME)";
				SWIFT_VERSION = 5.0;
				TARGETED_DEVICE_FAMILY = "1,2";
				TEST_TARGET_NAME = "tinkering-table-view";
			};
			name = Release;
		};
/* End XCBuildConfiguration section */

/* Begin XCConfigurationList section */
		8D1EBA8B23E3D78D00C1D287 /* Build configuration list for PBXProject "tinkering-table-view" */ = {
			isa = XCConfigurationList;
			buildConfigurations = (
				8D1EBAB823E3D78D00C1D287 /* Debug */,
				8D1EBAB923E3D78D00C1D287 /* Release */,
			);
			defaultConfigurationIsVisible = 0;
			defaultConfigurationName = Release;
		};
		8D1EBABA23E3D78D00C1D287 /* Build configuration list for PBXNativeTarget "tinkering-table-view" */ = {
			isa = XCConfigurationList;
			buildConfigurations = (
				8D1EBABB23E3D78D00C1D287 /* Debug */,
				8D1EBABC23E3D78D00C1D287 /* Release */,
			);
			defaultConfigurationIsVisible = 0;
			defaultConfigurationName = Release;
		};
		8D1EBABD23E3D78D00C1D287 /* Build configuration list for PBXNativeTarget "tinkering-table-viewTests" */ = {
			isa = XCConfigurationList;
			buildConfigurations = (
				8D1EBABE23E3D78D00C1D287 /* Debug */,
				8D1EBABF23E3D78D00C1D287 /* Release */,
			);
			defaultConfigurationIsVisible = 0;
			defaultConfigurationName = Release;
		};
		8D1EBAC023E3D78D00C1D287 /* Build configuration list for PBXNativeTarget "tinkering-table-viewUITests" */ = {
			isa = XCConfigurationList;
			buildConfigurations = (
				8D1EBAC123E3D78D00C1D287 /* Debug */,
				8D1EBAC223E3D78D00C1D287 /* Release */,
			);
			defaultConfigurationIsVisible = 0;
			defaultConfigurationName = Release;
		};
/* End XCConfigurationList section */
	};
	rootObject = 8D1EBA8823E3D78D00C1D287 /* Project object */;
}
